// !$*UTF8*$!
{
	archiveVersion = 1;
	classes = {
	};
	objectVersion = 46;
	objects = {

/* Begin PBXBuildFile section */
		044212871A8DD29800B6E34E /* main.m in Sources */ = {isa = PBXBuildFile; fileRef = 044212861A8DD29800B6E34E /* main.m */; };
		0442128A1A8DD29800B6E34E /* AppDelegate.m in Sources */ = {isa = PBXBuildFile; fileRef = 044212891A8DD29800B6E34E /* AppDelegate.m */; };
		044212901A8DD29800B6E34E /* Main.storyboard in Resources */ = {isa = PBXBuildFile; fileRef = 0442128E1A8DD29800B6E34E /* Main.storyboard */; };
		044212921A8DD29800B6E34E /* Images.xcassets in Resources */ = {isa = PBXBuildFile; fileRef = 044212911A8DD29800B6E34E /* Images.xcassets */; };
		044212951A8DD29800B6E34E /* LaunchScreen.xib in Resources */ = {isa = PBXBuildFile; fileRef = 044212931A8DD29800B6E34E /* LaunchScreen.xib */; };
		044212A11A8DD29800B6E34E /* HXMenuCellTests.m in Sources */ = {isa = PBXBuildFile; fileRef = 044212A01A8DD29800B6E34E /* HXMenuCellTests.m */; };
		044212AC1A8DD2F700B6E34E /* TableViewController.m in Sources */ = {isa = PBXBuildFile; fileRef = 044212AB1A8DD2F700B6E34E /* TableViewController.m */; };
		044212AF1A8DDC7500B6E34E /* HXTableViewCell.m in Sources */ = {isa = PBXBuildFile; fileRef = 044212AE1A8DDC7500B6E34E /* HXTableViewCell.m */; };
/* End PBXBuildFile section */

/* Begin PBXContainerItemProxy section */
		0442129B1A8DD29800B6E34E /* PBXContainerItemProxy */ = {
			isa = PBXContainerItemProxy;
			containerPortal = 044212791A8DD29800B6E34E /* Project object */;
			proxyType = 1;
			remoteGlobalIDString = 044212801A8DD29800B6E34E;
			remoteInfo = HXMenuCell;
		};
/* End PBXContainerItemProxy section */

/* Begin PBXFileReference section */
		044212811A8DD29800B6E34E /* HXMenuCell.app */ = {isa = PBXFileReference; explicitFileType = wrapper.application; includeInIndex = 0; path = HXMenuCell.app; sourceTree = BUILT_PRODUCTS_DIR; };
		044212851A8DD29800B6E34E /* Info.plist */ = {isa = PBXFileReference; lastKnownFileType = text.plist.xml; path = Info.plist; sourceTree = "<group>"; };
		044212861A8DD29800B6E34E /* main.m */ = {isa = PBXFileReference; lastKnownFileType = sourcecode.c.objc; path = main.m; sourceTree = "<group>"; };
		044212881A8DD29800B6E34E /* AppDelegate.h */ = {isa = PBXFileReference; lastKnownFileType = sourcecode.c.h; path = AppDelegate.h; sourceTree = "<group>"; };
		044212891A8DD29800B6E34E /* AppDelegate.m */ = {isa = PBXFileReference; lastKnownFileType = sourcecode.c.objc; path = AppDelegate.m; sourceTree = "<group>"; };
		0442128F1A8DD29800B6E34E /* Base */ = {isa = PBXFileReference; lastKnownFileType = file.storyboard; name = Base; path = Base.lproj/Main.storyboard; sourceTree = "<group>"; };
		044212911A8DD29800B6E34E /* Images.xcassets */ = {isa = PBXFileReference; lastKnownFileType = folder.assetcatalog; path = Images.xcassets; sourceTree = "<group>"; };
		044212941A8DD29800B6E34E /* Base */ = {isa = PBXFileReference; lastKnownFileType = file.xib; name = Base; path = Base.lproj/LaunchScreen.xib; sourceTree = "<group>"; };
		0442129A1A8DD29800B6E34E /* HXMenuCellTests.xctest */ = {isa = PBXFileReference; explicitFileType = wrapper.cfbundle; includeInIndex = 0; path = HXMenuCellTests.xctest; sourceTree = BUILT_PRODUCTS_DIR; };
		0442129F1A8DD29800B6E34E /* Info.plist */ = {isa = PBXFileReference; lastKnownFileType = text.plist.xml; path = Info.plist; sourceTree = "<group>"; };
		044212A01A8DD29800B6E34E /* HXMenuCellTests.m */ = {isa = PBXFileReference; lastKnownFileType = sourcecode.c.objc; path = HXMenuCellTests.m; sourceTree = "<group>"; };
		044212AA1A8DD2F700B6E34E /* TableViewController.h */ = {isa = PBXFileReference; fileEncoding = 4; lastKnownFileType = sourcecode.c.h; path = TableViewController.h; sourceTree = "<group>"; };
		044212AB1A8DD2F700B6E34E /* TableViewController.m */ = {isa = PBXFileReference; fileEncoding = 4; lastKnownFileType = sourcecode.c.objc; path = TableViewController.m; sourceTree = "<group>"; };
		044212AD1A8DDC7500B6E34E /* HXTableViewCell.h */ = {isa = PBXFileReference; fileEncoding = 4; lastKnownFileType = sourcecode.c.h; path = HXTableViewCell.h; sourceTree = "<group>"; };
		044212AE1A8DDC7500B6E34E /* HXTableViewCell.m */ = {isa = PBXFileReference; fileEncoding = 4; lastKnownFileType = sourcecode.c.objc; path = HXTableViewCell.m; sourceTree = "<group>"; };
/* End PBXFileReference section */

/* Begin PBXFrameworksBuildPhase section */
		0442127E1A8DD29800B6E34E /* Frameworks */ = {
			isa = PBXFrameworksBuildPhase;
			buildActionMask = 2147483647;
			files = (
			);
			runOnlyForDeploymentPostprocessing = 0;
		};
		044212971A8DD29800B6E34E /* Frameworks */ = {
			isa = PBXFrameworksBuildPhase;
			buildActionMask = 2147483647;
			files = (
			);
			runOnlyForDeploymentPostprocessing = 0;
		};
/* End PBXFrameworksBuildPhase section */

/* Begin PBXGroup section */
		044212781A8DD29800B6E34E = {
			isa = PBXGroup;
			children = (
				044212831A8DD29800B6E34E /* HXMenuCell */,
				0442129D1A8DD29800B6E34E /* HXMenuCellTests */,
				044212821A8DD29800B6E34E /* Products */,
			);
			sourceTree = "<group>";
		};
		044212821A8DD29800B6E34E /* Products */ = {
			isa = PBXGroup;
			children = (
				044212811A8DD29800B6E34E /* HXMenuCell.app */,
				0442129A1A8DD29800B6E34E /* HXMenuCellTests.xctest */,
			);
			name = Products;
			sourceTree = "<group>";
		};
		044212831A8DD29800B6E34E /* HXMenuCell */ = {
			isa = PBXGroup;
			children = (
				044212881A8DD29800B6E34E /* AppDelegate.h */,
				044212891A8DD29800B6E34E /* AppDelegate.m */,
				044212AA1A8DD2F700B6E34E /* TableViewController.h */,
				044212AB1A8DD2F700B6E34E /* TableViewController.m */,
				0442128E1A8DD29800B6E34E /* Main.storyboard */,
				044212911A8DD29800B6E34E /* Images.xcassets */,
				044212931A8DD29800B6E34E /* LaunchScreen.xib */,
				044212841A8DD29800B6E34E /* Supporting Files */,
				044212AD1A8DDC7500B6E34E /* HXTableViewCell.h */,
				044212AE1A8DDC7500B6E34E /* HXTableViewCell.m */,
			);
			path = HXMenuCell;
			sourceTree = "<group>";
		};
		044212841A8DD29800B6E34E /* Supporting Files */ = {
			isa = PBXGroup;
			children = (
				044212851A8DD29800B6E34E /* Info.plist */,
				044212861A8DD29800B6E34E /* main.m */,
			);
			name = "Supporting Files";
			sourceTree = "<group>";
		};
		0442129D1A8DD29800B6E34E /* HXMenuCellTests */ = {
			isa = PBXGroup;
			children = (
				044212A01A8DD29800B6E34E /* HXMenuCellTests.m */,
				0442129E1A8DD29800B6E34E /* Supporting Files */,
			);
			path = HXMenuCellTests;
			sourceTree = "<group>";
		};
		0442129E1A8DD29800B6E34E /* Supporting Files */ = {
			isa = PBXGroup;
			children = (
				0442129F1A8DD29800B6E34E /* Info.plist */,
			);
			name = "Supporting Files";
			sourceTree = "<group>";
		};
/* End PBXGroup section */

/* Begin PBXNativeTarget section */
		044212801A8DD29800B6E34E /* HXMenuCell */ = {
			isa = PBXNativeTarget;
			buildConfigurationList = 044212A41A8DD29800B6E34E /* Build configuration list for PBXNativeTarget "HXMenuCell" */;
			buildPhases = (
				0442127D1A8DD29800B6E34E /* Sources */,
				0442127E1A8DD29800B6E34E /* Frameworks */,
				0442127F1A8DD29800B6E34E /* Resources */,
			);
			buildRules = (
			);
			dependencies = (
			);
			name = HXMenuCell;
			productName = HXMenuCell;
			productReference = 044212811A8DD29800B6E34E /* HXMenuCell.app */;
			productType = "com.apple.product-type.application";
		};
		044212991A8DD29800B6E34E /* HXMenuCellTests */ = {
			isa = PBXNativeTarget;
			buildConfigurationList = 044212A71A8DD29800B6E34E /* Build configuration list for PBXNativeTarget "HXMenuCellTests" */;
			buildPhases = (
				044212961A8DD29800B6E34E /* Sources */,
				044212971A8DD29800B6E34E /* Frameworks */,
				044212981A8DD29800B6E34E /* Resources */,
			);
			buildRules = (
			);
			dependencies = (
				0442129C1A8DD29800B6E34E /* PBXTargetDependency */,
			);
			name = HXMenuCellTests;
			productName = HXMenuCellTests;
			productReference = 0442129A1A8DD29800B6E34E /* HXMenuCellTests.xctest */;
			productType = "com.apple.product-type.bundle.unit-test";
		};
/* End PBXNativeTarget section */

/* Begin PBXProject section */
		044212791A8DD29800B6E34E /* Project object */ = {
			isa = PBXProject;
			attributes = {
				LastUpgradeCheck = 0610;
				ORGANIZATIONNAME = "华夏大地教育";
				TargetAttributes = {
					044212801A8DD29800B6E34E = {
						CreatedOnToolsVersion = 6.1.1;
					};
					044212991A8DD29800B6E34E = {
						CreatedOnToolsVersion = 6.1.1;
						TestTargetID = 044212801A8DD29800B6E34E;
					};
				};
			};
			buildConfigurationList = 0442127C1A8DD29800B6E34E /* Build configuration list for PBXProject "HXMenuCell" */;
			compatibilityVersion = "Xcode 3.2";
			developmentRegion = English;
			hasScannedForEncodings = 0;
			knownRegions = (
				en,
				Base,
			);
			mainGroup = 044212781A8DD29800B6E34E;
			productRefGroup = 044212821A8DD29800B6E34E /* Products */;
			projectDirPath = "";
			projectRoot = "";
			targets = (
				044212801A8DD29800B6E34E /* HXMenuCell */,
				044212991A8DD29800B6E34E /* HXMenuCellTests */,
			);
		};
/* End PBXProject section */

/* Begin PBXResourcesBuildPhase section */
		0442127F1A8DD29800B6E34E /* Resources */ = {
			isa = PBXResourcesBuildPhase;
			buildActionMask = 2147483647;
			files = (
				044212901A8DD29800B6E34E /* Main.storyboard in Resources */,
				044212951A8DD29800B6E34E /* LaunchScreen.xib in Resources */,
				044212921A8DD29800B6E34E /* Images.xcassets in Resources */,
			);
			runOnlyForDeploymentPostprocessing = 0;
		};
		044212981A8DD29800B6E34E /* Resources */ = {
			isa = PBXResourcesBuildPhase;
			buildActionMask = 2147483647;
			files = (
			);
			runOnlyForDeploymentPostprocessing = 0;
		};
/* End PBXResourcesBuildPhase section */

/* Begin PBXSourcesBuildPhase section */
		0442127D1A8DD29800B6E34E /* Sources */ = {
			isa = PBXSourcesBuildPhase;
			buildActionMask = 2147483647;
			files = (
				0442128A1A8DD29800B6E34E /* AppDelegate.m in Sources */,
				044212AC1A8DD2F700B6E34E /* TableViewController.m in Sources */,
				044212871A8DD29800B6E34E /* main.m in Sources */,
				044212AF1A8DDC7500B6E34E /* HXTableViewCell.m in Sources */,
			);
			runOnlyForDeploymentPostprocessing = 0;
		};
		044212961A8DD29800B6E34E /* Sources */ = {
			isa = PBXSourcesBuildPhase;
			buildActionMask = 2147483647;
			files = (
				044212A11A8DD29800B6E34E /* HXMenuCellTests.m in Sources */,
			);
			runOnlyForDeploymentPostprocessing = 0;
		};
/* End PBXSourcesBuildPhase section */

/* Begin PBXTargetDependency section */
		0442129C1A8DD29800B6E34E /* PBXTargetDependency */ = {
			isa = PBXTargetDependency;
			target = 044212801A8DD29800B6E34E /* HXMenuCell */;
			targetProxy = 0442129B1A8DD29800B6E34E /* PBXContainerItemProxy */;
		};
/* End PBXTargetDependency section */

/* Begin PBXVariantGroup section */
		0442128E1A8DD29800B6E34E /* Main.storyboard */ = {
			isa = PBXVariantGroup;
			children = (
				0442128F1A8DD29800B6E34E /* Base */,
			);
			name = Main.storyboard;
			sourceTree = "<group>";
		};
		044212931A8DD29800B6E34E /* LaunchScreen.xib */ = {
			isa = PBXVariantGroup;
			children = (
				044212941A8DD29800B6E34E /* Base */,
			);
			name = LaunchScreen.xib;
			sourceTree = "<group>";
		};
/* End PBXVariantGroup section */

/* Begin XCBuildConfiguration section */
		044212A21A8DD29800B6E34E /* Debug */ = {
			isa = XCBuildConfiguration;
			buildSettings = {
				ALWAYS_SEARCH_USER_PATHS = NO;
				CLANG_CXX_LANGUAGE_STANDARD = "gnu++0x";
				CLANG_CXX_LIBRARY = "libc++";
				CLANG_ENABLE_MODULES = YES;
				CLANG_ENABLE_OBJC_ARC = YES;
				CLANG_WARN_BOOL_CONVERSION = YES;
				CLANG_WARN_CONSTANT_CONVERSION = YES;
				CLANG_WARN_DIRECT_OBJC_ISA_USAGE = YES_ERROR;
				CLANG_WARN_EMPTY_BODY = YES;
				CLANG_WARN_ENUM_CONVERSION = YES;
				CLANG_WARN_INT_CONVERSION = YES;
				CLANG_WARN_OBJC_ROOT_CLASS = YES_ERROR;
				CLANG_WARN_UNREACHABLE_CODE = YES;
				CLANG_WARN__DUPLICATE_METHOD_MATCH = YES;
				"CODE_SIGN_IDENTITY[sdk=iphoneos*]" = "iPhone Developer";
				COPY_PHASE_STRIP = NO;
				ENABLE_STRICT_OBJC_MSGSEND = YES;
				GCC_C_LANGUAGE_STANDARD = gnu99;
				GCC_DYNAMIC_NO_PIC = NO;
				GCC_OPTIMIZATION_LEVEL = 0;
				GCC_PREPROCESSOR_DEFINITIONS = (
					"DEBUG=1",
					"$(inherited)",
				);
				GCC_SYMBOLS_PRIVATE_EXTERN = NO;
				GCC_WARN_64_TO_32_BIT_CONVERSION = YES;
				GCC_WARN_ABOUT_RETURN_TYPE = YES_ERROR;
				GCC_WARN_UNDECLARED_SELECTOR = YES;
				GCC_WARN_UNINITIALIZED_AUTOS = YES_AGGRESSIVE;
				GCC_WARN_UNUSED_FUNCTION = YES;
				GCC_WARN_UNUSED_VARIABLE = YES;
				IPHONEOS_DEPLOYMENT_TARGET = 8.1;
				MTL_ENABLE_DEBUG_INFO = YES;
				ONLY_ACTIVE_ARCH = YES;
				SDKROOT = iphoneos;
			};
			name = Debug;
		};
		044212A31A8DD29800B6E34E /* Release */ = {
			isa = XCBuildConfiguration;
			buildSettings = {
				ALWAYS_SEARCH_USER_PATHS = NO;
				CLANG_CXX_LANGUAGE_STANDARD = "gnu++0x";
				CLANG_CXX_LIBRARY = "libc++";
				CLANG_ENABLE_MODULES = YES;
				CLANG_ENABLE_OBJC_ARC = YES;
				CLANG_WARN_BOOL_CONVERSION = YES;
				CLANG_WARN_CONSTANT_CONVERSION = YES;
				CLANG_WARN_DIRECT_OBJC_ISA_USAGE = YES_ERROR;
				CLANG_WARN_EMPTY_BODY = YES;
				CLANG_WARN_ENUM_CONVERSION = YES;
				CLANG_WARN_INT_CONVERSION = YES;
				CLANG_WARN_OBJC_ROOT_CLASS = YES_ERROR;
				CLANG_WARN_UNREACHABLE_CODE = YES;
				CLANG_WARN__DUPLICATE_METHOD_MATCH = YES;
				"CODE_SIGN_IDENTITY[sdk=iphoneos*]" = "iPhone Developer";
				COPY_PHASE_STRIP = YES;
				ENABLE_NS_ASSERTIONS = NO;
				ENABLE_STRICT_OBJC_MSGSEND = YES;
				GCC_C_LANGUAGE_STANDARD = gnu99;
				GCC_WARN_64_TO_32_BIT_CONVERSION = YES;
				GCC_WARN_ABOUT_RETURN_TYPE = YES_ERROR;
				GCC_WARN_UNDECLARED_SELECTOR = YES;
				GCC_WARN_UNINITIALIZED_AUTOS = YES_AGGRESSIVE;
				GCC_WARN_UNUSED_FUNCTION = YES;
				GCC_WARN_UNUSED_VARIABLE = YES;
				IPHONEOS_DEPLOYMENT_TARGET = 8.1;
				MTL_ENABLE_DEBUG_INFO = NO;
				SDKROOT = iphoneos;
				VALIDATE_PRODUCT = YES;
			};
			name = Release;
		};
		044212A51A8DD29800B6E34E /* Debug */ = {
			isa = XCBuildConfiguration;
			buildSettings = {
				ASSETCATALOG_COMPILER_APPICON_NAME = AppIcon;
				INFOPLIST_FILE = HXMenuCell/Info.plist;
				IPHONEOS_DEPLOYMENT_TARGET = 7.0;
				LD_RUNPATH_SEARCH_PATHS = "$(inherited) @executable_path/Frameworks";
				PRODUCT_NAME = "$(TARGET_NAME)";
			};
			name = Debug;
		};
		044212A61A8DD29800B6E34E /* Release */ = {
			isa = XCBuildConfiguration;
			buildSettings = {
				ASSETCATALOG_COMPILER_APPICON_NAME = AppIcon;
				INFOPLIST_FILE = HXMenuCell/Info.plist;
				IPHONEOS_DEPLOYMENT_TARGET = 7.0;
				LD_RUNPATH_SEARCH_PATHS = "$(inherited) @executable_path/Frameworks";
				PRODUCT_NAME = "$(TARGET_NAME)";
			};
			name = Release;
		};
		044212A81A8DD29800B6E34E /* Debug */ = {
			isa = XCBuildConfiguration;
			buildSettings = {
				BUNDLE_LOADER = "$(TEST_HOST)";
				FRAMEWORK_SEARCH_PATHS = (
					"$(SDKROOT)/Developer/Library/Frameworks",
					"$(inherited)",
				);
				GCC_PREPROCESSOR_DEFINITIONS = (
					"DEBUG=1",
					"$(inherited)",
				);
				INFOPLIST_FILE = HXMenuCellTests/Info.plist;
				LD_RUNPATH_SEARCH_PATHS = "$(inherited) @executable_path/Frameworks @loader_path/Frameworks";
				PRODUCT_NAME = "$(TARGET_NAME)";
				TEST_HOST = "$(BUILT_PRODUCTS_DIR)/HXMenuCell.app/HXMenuCell";
			};
			name = Debug;
		};
		044212A91A8DD29800B6E34E /* Release */ = {
			isa = XCBuildConfiguration;
			buildSettings = {
				BUNDLE_LOADER = "$(TEST_HOST)";
				FRAMEWORK_SEARCH_PATHS = (
					"$(SDKROOT)/Developer/Library/Frameworks",
					"$(inherited)",
				);
				INFOPLIST_FILE = HXMenuCellTests/Info.plist;
				LD_RUNPATH_SEARCH_PATHS = "$(inherited) @executable_path/Frameworks @loader_path/Frameworks";
				PRODUCT_NAME = "$(TARGET_NAME)";
				TEST_HOST = "$(BUILT_PRODUCTS_DIR)/HXMenuCell.app/HXMenuCell";
			};
			name = Release;
		};
/* End XCBuildConfiguration section */

/* Begin XCConfigurationList section */
		0442127C1A8DD29800B6E34E /* Build configuration list for PBXProject "HXMenuCell" */ = {
			isa = XCConfigurationList;
			buildConfigurations = (
				044212A21A8DD29800B6E34E /* Debug */,
				044212A31A8DD29800B6E34E /* Release */,
			);
			defaultConfigurationIsVisible = 0;
			defaultConfigurationName = Release;
		};
		044212A41A8DD29800B6E34E /* Build configuration list for PBXNativeTarget "HXMenuCell" */ = {
			isa = XCConfigurationList;
			buildConfigurations = (
				044212A51A8DD29800B6E34E /* Debug */,
				044212A61A8DD29800B6E34E /* Release */,
			);
			defaultConfigurationIsVisible = 0;
		};
		044212A71A8DD29800B6E34E /* Build configuration list for PBXNativeTarget "HXMenuCellTests" */ = {
			isa = XCConfigurationList;
			buildConfigurations = (
				044212A81A8DD29800B6E34E /* Debug */,
				044212A91A8DD29800B6E34E /* Release */,
			);
			defaultConfigurationIsVisible = 0;
		};
/* End XCConfigurationList section */
	};
	rootObject = 044212791A8DD29800B6E34E /* Project object */;
}
